Microsoft Visual Studio Solution File, Format Version 11.00
# Visual Studio 2008

Project("{28EC2F91-3932-A07D-E6FA-2F7FF97F0A08}") = "arcadaUnity", "Assembly-CSharp.csproj", "{196AF31B-5F13-C4B5-FE0C-0541F166D2EB}"
EndProject
Global
	GlobalSection(SolutionConfigurationPlatforms) = preSolution
		Debug|Any CPU = Debug|Any CPU
		Release|Any CPU = Release|Any CPU
	EndGlobalSection
	GlobalSection(ProjectConfigurationPlatforms) = postSolution
		{196AF31B-5F13-C4B5-FE0C-0541F166D2EB}.Debug|Any CPU.ActiveCfg = Debug|Any CPU
		{196AF31B-5F13-C4B5-FE0C-0541F166D2EB}.Debug|Any CPU.Build.0 = Debug|Any CPU
		{196AF31B-5F13-C4B5-FE0C-0541F166D2EB}.Release|Any CPU.ActiveCfg = Release|Any CPU
		{196AF31B-5F13-C4B5-FE0C-0541F166D2EB}.Release|Any CPU.Build.0 = Release|Any CPU
	EndGlobalSection
	GlobalSection(SolutionProperties) = preSolution
		HideSolutionNode = FALSE
	EndGlobalSection
	GlobalSection(MonoDevelopProperties) = preSolution
		StartupItem = Assembly-CSharp.csproj
	EndGlobalSection
EndGlobal
